{
  "name": "logger",
  "version": "1.0.0",
  "lockfileVersion": 1,
  "requires": true,
  "dependencies": {
    "@liqd-js/client-jsonrpc": {
      "version": "0.0.2",
      "resolved": "https://registry.npmjs.org/@liqd-js/client-jsonrpc/-/client-jsonrpc-0.0.2.tgz",
      "integrity": "sha512-CISrVA3k6oy5f+QQM/rm3EpW4mTJfnDOsu6uGxQXw/36B+Jnwp+jE+JUrk4EvKwDmv3UdUBNzGqHIaCPj7QLtw==",
      "requires": {
        "@liqd-js/options": "^1.0.1",
        "@liqd-js/timed-promise": "^1.0.2",
        "@liqd-js/unique-id": "^1.0.0"
      }
    },
    "@liqd-js/cloud": {
      "version": "0.0.2",
      "resolved": "https://registry.npmjs.org/@liqd-js/cloud/-/cloud-0.0.2.tgz",
      "integrity": "sha512-YQAz3qmBrrG5hdfhEoE4Xi4dVyBFdtAnRYjGzn6Jcoqpp4CSe+pJP2BrZbxBDgwioJKFh6fKuxAM5AgYlrfREw==",
      "requires": {
        "@liqd-js/client-jsonrpc": "0.0.2",
        "@liqd-js/timed-promise": "^1.0.2",
        "@liqd-js/websocket": "^1.0.0"
      }
    },
    "@liqd-js/ds-heap": {
      "version": "1.0.1",
      "resolved": "https://registry.npmjs.org/@liqd-js/ds-heap/-/ds-heap-1.0.1.tgz",
      "integrity": "sha512-9vHSLN82P3Np2wrDRQHebrQ6N8hwApAJSKJDXOijXGrlN7v/cv2ej6JZqGoqwb314mPtjQofJ2SJTcKS8YpQig=="
    },
    "@liqd-js/multibuffer": {
      "version": "1.0.2",
      "resolved": "https://registry.npmjs.org/@liqd-js/multibuffer/-/multibuffer-1.0.2.tgz",
      "integrity": "sha512-zt4Z7wopxKZABLGQroLs0Jl4+KX6Ll9FNlYCt+cJdEmqZ8wIU6QlqVgtyS7wSDMTDMmG7TPpy6wOCNtHIimAWw=="
    },
    "@liqd-js/options": {
      "version": "1.0.1",
      "resolved": "https://registry.npmjs.org/@liqd-js/options/-/options-1.0.1.tgz",
      "integrity": "sha512-WmJDGxXamKaHz4KFXR9DrFyUIB4g1gXbpF7xmPmcABhdhEiEzLozMvpXCX/8nU+zjmsSXm15CnV3oM7iEUdEmg=="
    },
    "@liqd-js/querystring": {
      "version": "1.0.0",
      "resolved": "https://registry.npmjs.org/@liqd-js/querystring/-/querystring-1.0.0.tgz",
      "integrity": "sha512-/K4dx3hB7U0pkkzq8PfJmbywtoGc+ZkXelxwX+tkedbwbaqziEem/3L1LAcp0aFlJROWf20ByYyOlfGyDv5Wlg=="
    },
    "@liqd-js/timed-promise": {
      "version": "1.0.2",
      "resolved": "https://registry.npmjs.org/@liqd-js/timed-promise/-/timed-promise-1.0.2.tgz",
      "integrity": "sha512-IgqgeMFOJxdmGpKOsruwUtE2D/kMjCOVeiL6/z/q8TZHaWLDzBkMMDTFMknwmZGega8mkLHFM2t4HLGYWCm8Rg=="
    },
    "@liqd-js/timer": {
      "version": "1.0.1",
      "resolved": "https://registry.npmjs.org/@liqd-js/timer/-/timer-1.0.1.tgz",
      "integrity": "sha512-ZefFi4XORbEx7AYZ8ToZ5NfWyMsFwfYUniHrMALHs0A4wauGtiIaVQWlSBxjEm8d9X8vyBizZjmU05zAx8kqqw==",
      "requires": {
        "@liqd-js/ds-heap": "^1.0.1"
      }
    },
    "@liqd-js/unique-id": {
      "version": "1.0.0",
      "resolved": "https://registry.npmjs.org/@liqd-js/unique-id/-/unique-id-1.0.0.tgz",
      "integrity": "sha512-D4G+FVoHqgObN4+p8YMscQOFVOjsJwxVr+SwItAlZsoU+6NKRMEM43MAz11AfC6Cry/ojlbh8GucHiF9SKZGrg==",
      "requires": {
        "@liqd-js/options": "^1.0.1"
      }
    },
    "@liqd-js/websocket": {
      "version": "1.0.0",
      "resolved": "https://registry.npmjs.org/@liqd-js/websocket/-/websocket-1.0.0.tgz",
      "integrity": "sha512-CJFTL/fJtIWrl/uoVSMk1dqjMK9InbcXuXCaeOxLhVTL6Ju+l2L3ejYBC4G5EyGjR70ag0S85sZXXpxaobD9cQ==",
      "requires": {
        "@liqd-js/multibuffer": "^1.0.2",
        "@liqd-js/options": "^1.0.1",
        "@liqd-js/querystring": "^1.0.0",
        "@liqd-js/timer": "^1.0.1"
      }
    },
    "liqd-cache": {
      "version": "1.0.5",
      "resolved": "https://registry.npmjs.org/liqd-cache/-/liqd-cache-1.0.5.tgz",
      "integrity": "sha512-0ofEtUPAuimjKo+iffPR6WnN7mMD+M3M0jKPzt2sBLjvxSYaYqG5Esq+cChaSVJwy3cXQ5kYyS8kMcOQE3fDeA==",
      "requires": {
        "liqd-timer": "^1.1.0"
      }
    },
    "liqd-ds-heap": {
      "version": "1.1.2",
      "resolved": "https://registry.npmjs.org/liqd-ds-heap/-/liqd-ds-heap-1.1.2.tgz",
      "integrity": "sha512-gOviQWHOI1ykJTaPP0Ti7hGo6at69QvjSz/YiPi5tlEnA5SBXJWOxQXbdsgtzcb8trkdRL3cyKHAU5SwAupYrg=="
    },
    "liqd-flow": {
      "version": "1.2.8",
      "resolved": "https://registry.npmjs.org/liqd-flow/-/liqd-flow-1.2.8.tgz",
      "integrity": "sha512-NY7W5PunbKkRpEOyJrDlwOE/zQLLe7ezWkU1nDkP99tOfUaae7tAp1qYA/S830v/u51ysjGoc9LsD7wO/quQIQ=="
    },
    "liqd-logger": {
      "version": "0.0.3",
      "resolved": "https://registry.npmjs.org/liqd-logger/-/liqd-logger-0.0.3.tgz",
      "integrity": "sha512-pRjcLm4+eHeSnd0wIsM9taNkD/P7H5voRfvB8ASSxTiupzkdyhjkImyIufCIR2jyXu1u2MQdPhO3iWhfCQA1tg=="
    },
    "liqd-multibuffer": {
      "version": "1.0.7",
      "resolved": "https://registry.npmjs.org/liqd-multibuffer/-/liqd-multibuffer-1.0.7.tgz",
      "integrity": "sha512-M07e9Jcn+cB/LrbtN3qQEw3YitmYe7lqqnPMz1CmnECEvqLm7k2G1OMNABhKkMXZzyssMcTfBzIX+ChCrUSu7Q=="
    },
    "liqd-options": {
      "version": "1.0.8",
      "resolved": "https://registry.npmjs.org/liqd-options/-/liqd-options-1.0.8.tgz",
      "integrity": "sha512-9svgkaTfR02AHj3i0IMXQDe8WddqCyfWHkRwZM4+IuL1BtXXA0jN0AAVH3SVQTfAqi/Qt+r0qegrxQPpthDfHw=="
    },
    "liqd-querystring": {
      "version": "1.1.0",
      "resolved": "https://registry.npmjs.org/liqd-querystring/-/liqd-querystring-1.1.0.tgz",
      "integrity": "sha512-BwDkUKxJ37SIzJd/0kPW+XdMRturY/OB5EGq9UfsLUjyfu0qJvDXS/qkLHEL+VIC5i4HswpceAUvgXNn+z0KMQ=="
    },
    "liqd-server": {
      "version": "1.3.5",
      "resolved": "https://registry.npmjs.org/liqd-server/-/liqd-server-1.3.5.tgz",
      "integrity": "sha512-O/r6W87lQxJBhTesn+Kc7oej/pHaAiR9oyVRKS7HMb8qHmDiGVeB0S2a5jeik5FuMrLOwMjJOweHESGInWclkg==",
      "requires": {
        "liqd-options": "^1.0.8",
        "liqd-querystring": "^1.1.0",
        "liqd-session": "^1.1.6",
        "liqd-websocket": "^1.2.3"
      }
    },
    "liqd-session": {
      "version": "1.1.6",
      "resolved": "https://registry.npmjs.org/liqd-session/-/liqd-session-1.1.6.tgz",
      "integrity": "sha512-Q468wuYjG/lZPXcRSULkGLPkyxCAbbYgzvTP/t7sEGqvsub3fSK6DrxvI8NX8h88VpOy2yBszKpBL7kehaIgKA==",
      "requires": {
        "liqd-cache": "^1.0.5",
        "liqd-flow": "^1.2.8",
        "liqd-options": "^1.0.8"
      }
    },
    "liqd-timer": {
      "version": "1.1.0",
      "resolved": "https://registry.npmjs.org/liqd-timer/-/liqd-timer-1.1.0.tgz",
      "integrity": "sha512-2g8p/Bwj91ef14C9ZwTc0d588X/E9rV9MDcUQu2MR3fV9sqwTvR7txJi1E+wDhlV08W4hlvuCZWG5J8hXF2V4Q==",
      "requires": {
        "liqd-ds-heap": "^1.1.2"
      }
    },
    "liqd-websocket": {
      "version": "1.2.3",
      "resolved": "https://registry.npmjs.org/liqd-websocket/-/liqd-websocket-1.2.3.tgz",
      "integrity": "sha512-KdQF6+jCKSRKZWK1+mvPBJLFxyFi9VnOBJ5vkApdEANQYgk0yxt2HGq1J3+2GLsubKLGp//hOQlhUbHXtgTkAw==",
      "requires": {
        "liqd-multibuffer": "^1.0.7",
        "liqd-options": "^1.0.8",
        "liqd-querystring": "^1.1.0",
        "liqd-timer": "^1.1.0"
      }
    }
  }
}
